
Microsoft Visual Studio Solution File, Format Version 12.00
# Visual Studio Version 17
VisualStudioVersion = 17.7.34031.279
MinimumVisualStudioVersion = 10.0.40219.1
Project("{9A19103F-16F7-4668-BE54-9A1E7A4F7556}") = "AuthSimulator", "AuthSimulator\AuthSimulator.csproj", "{2893EB66-32D1-4E35-9D5A-817190D173D7}"
EndProject
Project("{9A19103F-16F7-4668-BE54-9A1E7A4F7556}") = "AuthSimulator.Business", "AuthSimulator.Business\AuthSimulator.Business.csproj", "{3C793A17-8450-488D-B0AE-CD8359103675}"
EndProject
Project("{9A19103F-16F7-4668-BE54-9A1E7A4F7556}") = "AuthSimulator.Client", "AuthSimulator.Client\AuthSimulator.Client.csproj", "{FFF58E9C-B157-4630-BD09-6C3CFA0567EA}"
EndProject
Global
	GlobalSection(SolutionConfigurationPlatforms) = preSolution
		Debug|Any CPU = Debug|Any CPU
		Release|Any CPU = Release|Any CPU
	EndGlobalSection
	GlobalSection(ProjectConfigurationPlatforms) = postSolution
		{2893EB66-32D1-4E35-9D5A-817190D173D7}.Debug|Any CPU.ActiveCfg = Debug|Any CPU
		{2893EB66-32D1-4E35-9D5A-817190D173D7}.Debug|Any CPU.Build.0 = Debug|Any CPU
		{2893EB66-32D1-4E35-9D5A-817190D173D7}.Release|Any CPU.ActiveCfg = Release|Any CPU
		{2893EB66-32D1-4E35-9D5A-817190D173D7}.Release|Any CPU.Build.0 = Release|Any CPU
		{3C793A17-8450-488D-B0AE-CD8359103675}.Debug|Any CPU.ActiveCfg = Debug|Any CPU
		{3C793A17-8450-488D-B0AE-CD8359103675}.Debug|Any CPU.Build.0 = Debug|Any CPU
		{3C793A17-8450-488D-B0AE-CD8359103675}.Release|Any CPU.ActiveCfg = Release|Any CPU
		{3C793A17-8450-488D-B0AE-CD8359103675}.Release|Any CPU.Build.0 = Release|Any CPU
		{FFF58E9C-B157-4630-BD09-6C3CFA0567EA}.Debug|Any CPU.ActiveCfg = Debug|Any CPU
		{FFF58E9C-B157-4630-BD09-6C3CFA0567EA}.Debug|Any CPU.Build.0 = Debug|Any CPU
		{FFF58E9C-B157-4630-BD09-6C3CFA0567EA}.Release|Any CPU.ActiveCfg = Release|Any CPU
		{FFF58E9C-B157-4630-BD09-6C3CFA0567EA}.Release|Any CPU.Build.0 = Release|Any CPU
	EndGlobalSection
	GlobalSection(SolutionProperties) = preSolution
		HideSolutionNode = FALSE
	EndGlobalSection
	GlobalSection(ExtensibilityGlobals) = postSolution
		SolutionGuid = {A04D53D7-EBD2-4B15-8369-4D92B75096BC}
	EndGlobalSection
EndGlobal
